# Template lock (project-template-repository/project_skeleton)

Records the template version and content hash a project was generated
from (plan milestone M1.7). Regenerated by `mas project init`; do not
hand-edit.

template_version: "0.1.0"
template_content_hash: "sha256:<filled-by-mas-project-init>"
generated_at: "2026-08-24T09:00:00Z"
